
Microsoft Visual Studio Solution File, Format Version 12.00
# Visual Studio 15
VisualStudioVersion = 15.0.26730.15
MinimumVisualStudioVersion = 10.0.40219.1
Project("{FAE04EC0-301F-11D3-BF4B-00C04F79EFBC}") = "SRP Enigma", "SRP Enigma\SRP Enigma.csproj", "{024F3694-4CBE-48E4-83A3-02A6A53F86EA}"
EndProject
Global
	GlobalSection(SolutionConfigurationPlatforms) = preSolution
		Debug|Any CPU = Debug|Any CPU
		Release|Any CPU = Release|Any CPU
	EndGlobalSection
	GlobalSection(ProjectConfigurationPlatforms) = postSolution
		{024F3694-4CBE-48E4-83A3-02A6A53F86EA}.Debug|Any CPU.ActiveCfg = Debug|Any CPU
		{024F3694-4CBE-48E4-83A3-02A6A53F86EA}.Debug|Any CPU.Build.0 = Debug|Any CPU
		{024F3694-4CBE-48E4-83A3-02A6A53F86EA}.Release|Any CPU.ActiveCfg = Release|Any CPU
		{024F3694-4CBE-48E4-83A3-02A6A53F86EA}.Release|Any CPU.Build.0 = Release|Any CPU
	EndGlobalSection
	GlobalSection(SolutionProperties) = preSolution
		HideSolutionNode = FALSE
	EndGlobalSection
	GlobalSection(ExtensibilityGlobals) = postSolution
		SolutionGuid = {288AA3F1-AD12-4AE7-9DF6-4B27C241B336}
	EndGlobalSection
EndGlobal
